
Microsoft Visual Studio Solution File, Format Version 12.00
# Visual Studio 2012
Project("{FAE04EC0-301F-11D3-BF4B-00C04F79EFBC}") = "Shuttle.ESB.Msmq", "Shuttle.ESB.Msmq\Shuttle.ESB.Msmq.csproj", "{DD6566FD-824C-4275-B4EB-269B0FBC70A8}"
EndProject
Project("{FAE04EC0-301F-11D3-BF4B-00C04F79EFBC}") = "Shuttle.ESB.Msmq.Tests", "Shuttle.ESB.Msmq.Tests\Shuttle.ESB.Msmq.Tests.csproj", "{17E516E9-F372-452D-AEC7-7F7581919705}"
EndProject
Project("{2150E333-8FDC-42A3-9474-1A3956D46DE8}") = ".build", ".build", "{83D6D4AA-2D7A-4B1E-8D52-4DC70E51CE42}"
	ProjectSection(SolutionItems) = preProject
		.build\package.msbuild = .build\package.msbuild
		.build\package.nuspec = .build\package.nuspec
		.build\Shuttle.Core.MSBuild.dll = .build\Shuttle.Core.MSBuild.dll
		.build\Shuttle.Core.MSBuild.targets = .build\Shuttle.Core.MSBuild.targets
	EndProjectSection
EndProject
Project("{2150E333-8FDC-42A3-9474-1A3956D46DE8}") = ".nuget", ".nuget", "{EF916322-0806-4FFC-AC3C-715902EA798D}"
EndProject
Project("{2150E333-8FDC-42A3-9474-1A3956D46DE8}") = "Solution Items", "Solution Items", "{E54DF2F5-74B4-4E67-92CB-B830D2455211}"
	ProjectSection(SolutionItems) = preProject
		LICENSE = LICENSE
		README.md = README.md
	EndProjectSection
EndProject
Global
	GlobalSection(SolutionConfigurationPlatforms) = preSolution
		Debug|Any CPU = Debug|Any CPU
		Debug|x64 = Debug|x64
		Release|Any CPU = Release|Any CPU
		Release|x64 = Release|x64
	EndGlobalSection
	GlobalSection(ProjectConfigurationPlatforms) = postSolution
		{DD6566FD-824C-4275-B4EB-269B0FBC70A8}.Debug|Any CPU.ActiveCfg = Debug|Any CPU
		{DD6566FD-824C-4275-B4EB-269B0FBC70A8}.Debug|Any CPU.Build.0 = Debug|Any CPU
		{DD6566FD-824C-4275-B4EB-269B0FBC70A8}.Debug|x64.ActiveCfg = Debug|x64
		{DD6566FD-824C-4275-B4EB-269B0FBC70A8}.Debug|x64.Build.0 = Debug|x64
		{DD6566FD-824C-4275-B4EB-269B0FBC70A8}.Release|Any CPU.ActiveCfg = Release|Any CPU
		{DD6566FD-824C-4275-B4EB-269B0FBC70A8}.Release|Any CPU.Build.0 = Release|Any CPU
		{DD6566FD-824C-4275-B4EB-269B0FBC70A8}.Release|x64.ActiveCfg = Release|x64
		{DD6566FD-824C-4275-B4EB-269B0FBC70A8}.Release|x64.Build.0 = Release|x64
		{17E516E9-F372-452D-AEC7-7F7581919705}.Debug|Any CPU.ActiveCfg = Debug|Any CPU
		{17E516E9-F372-452D-AEC7-7F7581919705}.Debug|Any CPU.Build.0 = Debug|Any CPU
		{17E516E9-F372-452D-AEC7-7F7581919705}.Debug|x64.ActiveCfg = Debug|Any CPU
		{17E516E9-F372-452D-AEC7-7F7581919705}.Release|Any CPU.ActiveCfg = Release|Any CPU
		{17E516E9-F372-452D-AEC7-7F7581919705}.Release|Any CPU.Build.0 = Release|Any CPU
		{17E516E9-F372-452D-AEC7-7F7581919705}.Release|x64.ActiveCfg = Release|Any CPU
	EndGlobalSection
	GlobalSection(SolutionProperties) = preSolution
		HideSolutionNode = FALSE
	EndGlobalSection
EndGlobal
